// !$*UTF8*$!
{
	archiveVersion = 1;
	classes = {
	};
	objectVersion = 46;
	objects = {

/* Begin PBXBuildFile section */
		37FBB05E1A97F3DF00AC75D4 /* main.m in Sources */ = {isa = PBXBuildFile; fileRef = 37FBB05D1A97F3DF00AC75D4 /* main.m */; };
		37FBB0611A97F3DF00AC75D4 /* AppDelegate.m in Sources */ = {isa = PBXBuildFile; fileRef = 37FBB0601A97F3DF00AC75D4 /* AppDelegate.m */; };
		37FBB0641A97F3DF00AC75D4 /* ViewController.m in Sources */ = {isa = PBXBuildFile; fileRef = 37FBB0631A97F3DF00AC75D4 /* ViewController.m */; };
		37FBB0671A97F3DF00AC75D4 /* Main.storyboard in Resources */ = {isa = PBXBuildFile; fileRef = 37FBB0651A97F3DF00AC75D4 /* Main.storyboard */; };
		37FBB0691A97F3DF00AC75D4 /* Images.xcassets in Resources */ = {isa = PBXBuildFile; fileRef = 37FBB0681A97F3DF00AC75D4 /* Images.xcassets */; };
		37FBB06C1A97F3DF00AC75D4 /* LaunchScreen.xib in Resources */ = {isa = PBXBuildFile; fileRef = 37FBB06A1A97F3DF00AC75D4 /* LaunchScreen.xib */; };
		37FBB0781A97F3DF00AC75D4 /* Step_UpTests.m in Sources */ = {isa = PBXBuildFile; fileRef = 37FBB0771A97F3DF00AC75D4 /* Step_UpTests.m */; };
		37FBB0821A97F82500AC75D4 /* HealthKit.framework in Frameworks */ = {isa = PBXBuildFile; fileRef = 37FBB0811A97F82500AC75D4 /* HealthKit.framework */; };
		37FBB08D1A9849B700AC75D4 /* libPXAPI.a in Frameworks */ = {isa = PBXBuildFile; fileRef = 37FBB08A1A98496A00AC75D4 /* libPXAPI.a */; };
		37FBB0961A98550A00AC75D4 /* PhotoViewController.m in Sources */ = {isa = PBXBuildFile; fileRef = 37FBB0951A98550A00AC75D4 /* PhotoViewController.m */; };
/* End PBXBuildFile section */

/* Begin PBXContainerItemProxy section */
		37FBB0721A97F3DF00AC75D4 /* PBXContainerItemProxy */ = {
			isa = PBXContainerItemProxy;
			containerPortal = 37FBB0501A97F3DF00AC75D4 /* Project object */;
			proxyType = 1;
			remoteGlobalIDString = 37FBB0571A97F3DF00AC75D4;
			remoteInfo = "Step Up";
		};
		37FBB0891A98496A00AC75D4 /* PBXContainerItemProxy */ = {
			isa = PBXContainerItemProxy;
			containerPortal = 37FBB0841A98496A00AC75D4 /* PXAPI.xcodeproj */;
			proxyType = 2;
			remoteGlobalIDString = 5EB9AFC415C34F3F002E7F6D;
			remoteInfo = PXAPI;
		};
		37FBB08B1A98496A00AC75D4 /* PBXContainerItemProxy */ = {
			isa = PBXContainerItemProxy;
			containerPortal = 37FBB0841A98496A00AC75D4 /* PXAPI.xcodeproj */;
			proxyType = 2;
			remoteGlobalIDString = 5EB9AFD515C34F3F002E7F6D;
			remoteInfo = tests;
		};
/* End PBXContainerItemProxy section */

/* Begin PBXFileReference section */
		37FBB0581A97F3DF00AC75D4 /* Step Up.app */ = {isa = PBXFileReference; explicitFileType = wrapper.application; includeInIndex = 0; path = "Step Up.app"; sourceTree = BUILT_PRODUCTS_DIR; };
		37FBB05C1A97F3DF00AC75D4 /* Info.plist */ = {isa = PBXFileReference; lastKnownFileType = text.plist.xml; path = Info.plist; sourceTree = "<group>"; };
		37FBB05D1A97F3DF00AC75D4 /* main.m */ = {isa = PBXFileReference; lastKnownFileType = sourcecode.c.objc; path = main.m; sourceTree = "<group>"; };
		37FBB05F1A97F3DF00AC75D4 /* AppDelegate.h */ = {isa = PBXFileReference; lastKnownFileType = sourcecode.c.h; path = AppDelegate.h; sourceTree = "<group>"; };
		37FBB0601A97F3DF00AC75D4 /* AppDelegate.m */ = {isa = PBXFileReference; lastKnownFileType = sourcecode.c.objc; path = AppDelegate.m; sourceTree = "<group>"; };
		37FBB0621A97F3DF00AC75D4 /* ViewController.h */ = {isa = PBXFileReference; lastKnownFileType = sourcecode.c.h; path = ViewController.h; sourceTree = "<group>"; };
		37FBB0631A97F3DF00AC75D4 /* ViewController.m */ = {isa = PBXFileReference; lastKnownFileType = sourcecode.c.objc; path = ViewController.m; sourceTree = "<group>"; };
		37FBB0661A97F3DF00AC75D4 /* Base */ = {isa = PBXFileReference; lastKnownFileType = file.storyboard; name = Base; path = Base.lproj/Main.storyboard; sourceTree = "<group>"; };
		37FBB0681A97F3DF00AC75D4 /* Images.xcassets */ = {isa = PBXFileReference; lastKnownFileType = folder.assetcatalog; path = Images.xcassets; sourceTree = "<group>"; };
		37FBB06B1A97F3DF00AC75D4 /* Base */ = {isa = PBXFileReference; lastKnownFileType = file.xib; name = Base; path = Base.lproj/LaunchScreen.xib; sourceTree = "<group>"; };
		37FBB0711A97F3DF00AC75D4 /* Step UpTests.xctest */ = {isa = PBXFileReference; explicitFileType = wrapper.cfbundle; includeInIndex = 0; path = "Step UpTests.xctest"; sourceTree = BUILT_PRODUCTS_DIR; };
		37FBB0761A97F3DF00AC75D4 /* Info.plist */ = {isa = PBXFileReference; lastKnownFileType = text.plist.xml; path = Info.plist; sourceTree = "<group>"; };
		37FBB0771A97F3DF00AC75D4 /* Step_UpTests.m */ = {isa = PBXFileReference; lastKnownFileType = sourcecode.c.objc; path = Step_UpTests.m; sourceTree = "<group>"; };
		37FBB0811A97F82500AC75D4 /* HealthKit.framework */ = {isa = PBXFileReference; lastKnownFileType = wrapper.framework; name = HealthKit.framework; path = System/Library/Frameworks/HealthKit.framework; sourceTree = SDKROOT; };
		37FBB0831A97F82500AC75D4 /* Step Up.entitlements */ = {isa = PBXFileReference; lastKnownFileType = text.xml; path = "Step Up.entitlements"; sourceTree = "<group>"; };
		37FBB0841A98496A00AC75D4 /* PXAPI.xcodeproj */ = {isa = PBXFileReference; lastKnownFileType = "wrapper.pb-project"; name = PXAPI.xcodeproj; path = "500px-iOS-api/PXAPI.xcodeproj"; sourceTree = SOURCE_ROOT; };
		37FBB0941A98550A00AC75D4 /* PhotoViewController.h */ = {isa = PBXFileReference; fileEncoding = 4; lastKnownFileType = sourcecode.c.h; path = PhotoViewController.h; sourceTree = "<group>"; };
		37FBB0951A98550A00AC75D4 /* PhotoViewController.m */ = {isa = PBXFileReference; fileEncoding = 4; lastKnownFileType = sourcecode.c.objc; path = PhotoViewController.m; sourceTree = "<group>"; };
/* End PBXFileReference section */

/* Begin PBXFrameworksBuildPhase section */
		37FBB0551A97F3DF00AC75D4 /* Frameworks */ = {
			isa = PBXFrameworksBuildPhase;
			buildActionMask = 2147483647;
			files = (
				37FBB0821A97F82500AC75D4 /* HealthKit.framework in Frameworks */,
				37FBB08D1A9849B700AC75D4 /* libPXAPI.a in Frameworks */,
			);
			runOnlyForDeploymentPostprocessing = 0;
		};
		37FBB06E1A97F3DF00AC75D4 /* Frameworks */ = {
			isa = PBXFrameworksBuildPhase;
			buildActionMask = 2147483647;
			files = (
			);
			runOnlyForDeploymentPostprocessing = 0;
		};
/* End PBXFrameworksBuildPhase section */

/* Begin PBXGroup section */
		37FBB04F1A97F3DF00AC75D4 = {
			isa = PBXGroup;
			children = (
				37FBB0811A97F82500AC75D4 /* HealthKit.framework */,
				37FBB05A1A97F3DF00AC75D4 /* Step Up */,
				37FBB0741A97F3DF00AC75D4 /* Step UpTests */,
				37FBB0591A97F3DF00AC75D4 /* Products */,
			);
			sourceTree = "<group>";
		};
		37FBB0591A97F3DF00AC75D4 /* Products */ = {
			isa = PBXGroup;
			children = (
				37FBB0581A97F3DF00AC75D4 /* Step Up.app */,
				37FBB0711A97F3DF00AC75D4 /* Step UpTests.xctest */,
			);
			name = Products;
			sourceTree = "<group>";
		};
		37FBB05A1A97F3DF00AC75D4 /* Step Up */ = {
			isa = PBXGroup;
			children = (
				37FBB0831A97F82500AC75D4 /* Step Up.entitlements */,
				37FBB05F1A97F3DF00AC75D4 /* AppDelegate.h */,
				37FBB0601A97F3DF00AC75D4 /* AppDelegate.m */,
				37FBB0621A97F3DF00AC75D4 /* ViewController.h */,
				37FBB0631A97F3DF00AC75D4 /* ViewController.m */,
				37FBB0941A98550A00AC75D4 /* PhotoViewController.h */,
				37FBB0951A98550A00AC75D4 /* PhotoViewController.m */,
				37FBB0651A97F3DF00AC75D4 /* Main.storyboard */,
				37FBB0681A97F3DF00AC75D4 /* Images.xcassets */,
				37FBB06A1A97F3DF00AC75D4 /* LaunchScreen.xib */,
				37FBB0841A98496A00AC75D4 /* PXAPI.xcodeproj */,
				37FBB05B1A97F3DF00AC75D4 /* Supporting Files */,
			);
			path = "Step Up";
			sourceTree = "<group>";
		};
		37FBB05B1A97F3DF00AC75D4 /* Supporting Files */ = {
			isa = PBXGroup;
			children = (
				37FBB05C1A97F3DF00AC75D4 /* Info.plist */,
				37FBB05D1A97F3DF00AC75D4 /* main.m */,
			);
			name = "Supporting Files";
			sourceTree = "<group>";
		};
		37FBB0741A97F3DF00AC75D4 /* Step UpTests */ = {
			isa = PBXGroup;
			children = (
				37FBB0771A97F3DF00AC75D4 /* Step_UpTests.m */,
				37FBB0751A97F3DF00AC75D4 /* Supporting Files */,
			);
			path = "Step UpTests";
			sourceTree = "<group>";
		};
		37FBB0751A97F3DF00AC75D4 /* Supporting Files */ = {
			isa = PBXGroup;
			children = (
				37FBB0761A97F3DF00AC75D4 /* Info.plist */,
			);
			name = "Supporting Files";
			sourceTree = "<group>";
		};
		37FBB0851A98496A00AC75D4 /* Products */ = {
			isa = PBXGroup;
			children = (
				37FBB08A1A98496A00AC75D4 /* libPXAPI.a */,
				37FBB08C1A98496A00AC75D4 /* tests.octest */,
			);
			name = Products;
			sourceTree = "<group>";
		};
/* End PBXGroup section */

/* Begin PBXNativeTarget section */
		37FBB0571A97F3DF00AC75D4 /* Step Up */ = {
			isa = PBXNativeTarget;
			buildConfigurationList = 37FBB07B1A97F3DF00AC75D4 /* Build configuration list for PBXNativeTarget "Step Up" */;
			buildPhases = (
				37FBB0541A97F3DF00AC75D4 /* Sources */,
				37FBB0551A97F3DF00AC75D4 /* Frameworks */,
				37FBB0561A97F3DF00AC75D4 /* Resources */,
			);
			buildRules = (
			);
			dependencies = (
			);
			name = "Step Up";
			productName = "Step Up";
			productReference = 37FBB0581A97F3DF00AC75D4 /* Step Up.app */;
			productType = "com.apple.product-type.application";
		};
		37FBB0701A97F3DF00AC75D4 /* Step UpTests */ = {
			isa = PBXNativeTarget;
			buildConfigurationList = 37FBB07E1A97F3DF00AC75D4 /* Build configuration list for PBXNativeTarget "Step UpTests" */;
			buildPhases = (
				37FBB06D1A97F3DF00AC75D4 /* Sources */,
				37FBB06E1A97F3DF00AC75D4 /* Frameworks */,
				37FBB06F1A97F3DF00AC75D4 /* Resources */,
			);
			buildRules = (
			);
			dependencies = (
				37FBB0731A97F3DF00AC75D4 /* PBXTargetDependency */,
			);
			name = "Step UpTests";
			productName = "Step UpTests";
			productReference = 37FBB0711A97F3DF00AC75D4 /* Step UpTests.xctest */;
			productType = "com.apple.product-type.bundle.unit-test";
		};
/* End PBXNativeTarget section */

/* Begin PBXProject section */
		37FBB0501A97F3DF00AC75D4 /* Project object */ = {
			isa = PBXProject;
			attributes = {
				LastUpgradeCheck = 0610;
				ORGANIZATIONNAME = "Minh Luu";
				TargetAttributes = {
					37FBB0571A97F3DF00AC75D4 = {
						CreatedOnToolsVersion = 6.1.1;
						DevelopmentTeam = A6K47EHG3P;
						SystemCapabilities = {
							com.apple.HealthKit = {
								enabled = 1;
							};
						};
					};
					37FBB0701A97F3DF00AC75D4 = {
						CreatedOnToolsVersion = 6.1.1;
						TestTargetID = 37FBB0571A97F3DF00AC75D4;
					};
				};
			};
			buildConfigurationList = 37FBB0531A97F3DF00AC75D4 /* Build configuration list for PBXProject "Step Up" */;
			compatibilityVersion = "Xcode 3.2";
			developmentRegion = English;
			hasScannedForEncodings = 0;
			knownRegions = (
				en,
				Base,
			);
			mainGroup = 37FBB04F1A97F3DF00AC75D4;
			productRefGroup = 37FBB0591A97F3DF00AC75D4 /* Products */;
			projectDirPath = "";
			projectReferences = (
				{
					ProductGroup = 37FBB0851A98496A00AC75D4 /* Products */;
					ProjectRef = 37FBB0841A98496A00AC75D4 /* PXAPI.xcodeproj */;
				},
			);
			projectRoot = "";
			targets = (
				37FBB0571A97F3DF00AC75D4 /* Step Up */,
				37FBB0701A97F3DF00AC75D4 /* Step UpTests */,
			);
		};
/* End PBXProject section */

/* Begin PBXReferenceProxy section */
		37FBB08A1A98496A00AC75D4 /* libPXAPI.a */ = {
			isa = PBXReferenceProxy;
			fileType = archive.ar;
			path = libPXAPI.a;
			remoteRef = 37FBB0891A98496A00AC75D4 /* PBXContainerItemProxy */;
			sourceTree = BUILT_PRODUCTS_DIR;
		};
		37FBB08C1A98496A00AC75D4 /* tests.octest */ = {
			isa = PBXReferenceProxy;
			fileType = wrapper.cfbundle;
			path = tests.octest;
			remoteRef = 37FBB08B1A98496A00AC75D4 /* PBXContainerItemProxy */;
			sourceTree = BUILT_PRODUCTS_DIR;
		};
/* End PBXReferenceProxy section */

/* Begin PBXResourcesBuildPhase section */
		37FBB0561A97F3DF00AC75D4 /* Resources */ = {
			isa = PBXResourcesBuildPhase;
			buildActionMask = 2147483647;
			files = (
				37FBB0671A97F3DF00AC75D4 /* Main.storyboard in Resources */,
				37FBB06C1A97F3DF00AC75D4 /* LaunchScreen.xib in Resources */,
				37FBB0691A97F3DF00AC75D4 /* Images.xcassets in Resources */,
			);
			runOnlyForDeploymentPostprocessing = 0;
		};
		37FBB06F1A97F3DF00AC75D4 /* Resources */ = {
			isa = PBXResourcesBuildPhase;
			buildActionMask = 2147483647;
			files = (
			);
			runOnlyForDeploymentPostprocessing = 0;
		};
/* End PBXResourcesBuildPhase section */

/* Begin PBXSourcesBuildPhase section */
		37FBB0541A97F3DF00AC75D4 /* Sources */ = {
			isa = PBXSourcesBuildPhase;
			buildActionMask = 2147483647;
			files = (
				37FBB0641A97F3DF00AC75D4 /* ViewController.m in Sources */,
				37FBB0961A98550A00AC75D4 /* PhotoViewController.m in Sources */,
				37FBB0611A97F3DF00AC75D4 /* AppDelegate.m in Sources */,
				37FBB05E1A97F3DF00AC75D4 /* main.m in Sources */,
			);
			runOnlyForDeploymentPostprocessing = 0;
		};
		37FBB06D1A97F3DF00AC75D4 /* Sources */ = {
			isa = PBXSourcesBuildPhase;
			buildActionMask = 2147483647;
			files = (
				37FBB0781A97F3DF00AC75D4 /* Step_UpTests.m in Sources */,
			);
			runOnlyForDeploymentPostprocessing = 0;
		};
/* End PBXSourcesBuildPhase section */

/* Begin PBXTargetDependency section */
		37FBB0731A97F3DF00AC75D4 /* PBXTargetDependency */ = {
			isa = PBXTargetDependency;
			target = 37FBB0571A97F3DF00AC75D4 /* Step Up */;
			targetProxy = 37FBB0721A97F3DF00AC75D4 /* PBXContainerItemProxy */;
		};
/* End PBXTargetDependency section */

/* Begin PBXVariantGroup section */
		37FBB0651A97F3DF00AC75D4 /* Main.storyboard */ = {
			isa = PBXVariantGroup;
			children = (
				37FBB0661A97F3DF00AC75D4 /* Base */,
			);
			name = Main.storyboard;
			sourceTree = "<group>";
		};
		37FBB06A1A97F3DF00AC75D4 /* LaunchScreen.xib */ = {
			isa = PBXVariantGroup;
			children = (
				37FBB06B1A97F3DF00AC75D4 /* Base */,
			);
			name = LaunchScreen.xib;
			sourceTree = "<group>";
		};
/* End PBXVariantGroup section */

/* Begin XCBuildConfiguration section */
		37FBB0791A97F3DF00AC75D4 /* Debug */ = {
			isa = XCBuildConfiguration;
			buildSettings = {
				ALWAYS_SEARCH_USER_PATHS = NO;
				CLANG_CXX_LANGUAGE_STANDARD = "gnu++0x";
				CLANG_CXX_LIBRARY = "libc++";
				CLANG_ENABLE_MODULES = YES;
				CLANG_ENABLE_OBJC_ARC = YES;
				CLANG_WARN_BOOL_CONVERSION = YES;
				CLANG_WARN_CONSTANT_CONVERSION = YES;
				CLANG_WARN_DIRECT_OBJC_ISA_USAGE = YES_ERROR;
				CLANG_WARN_EMPTY_BODY = YES;
				CLANG_WARN_ENUM_CONVERSION = YES;
				CLANG_WARN_INT_CONVERSION = YES;
				CLANG_WARN_OBJC_ROOT_CLASS = YES_ERROR;
				CLANG_WARN_UNREACHABLE_CODE = YES;
				CLANG_WARN__DUPLICATE_METHOD_MATCH = YES;
				"CODE_SIGN_IDENTITY[sdk=iphoneos*]" = "iPhone Developer";
				COPY_PHASE_STRIP = NO;
				ENABLE_STRICT_OBJC_MSGSEND = YES;
				GCC_C_LANGUAGE_STANDARD = gnu99;
				GCC_DYNAMIC_NO_PIC = NO;
				GCC_OPTIMIZATION_LEVEL = 0;
				GCC_PREPROCESSOR_DEFINITIONS = (
					"DEBUG=1",
					"$(inherited)",
				);
				GCC_SYMBOLS_PRIVATE_EXTERN = NO;
				GCC_WARN_64_TO_32_BIT_CONVERSION = YES;
				GCC_WARN_ABOUT_RETURN_TYPE = YES_ERROR;
				GCC_WARN_UNDECLARED_SELECTOR = YES;
				GCC_WARN_UNINITIALIZED_AUTOS = YES_AGGRESSIVE;
				GCC_WARN_UNUSED_FUNCTION = YES;
				GCC_WARN_UNUSED_VARIABLE = YES;
				IPHONEOS_DEPLOYMENT_TARGET = 8.1;
				MTL_ENABLE_DEBUG_INFO = YES;
				ONLY_ACTIVE_ARCH = YES;
				SDKROOT = iphoneos;
			};
			name = Debug;
		};
		37FBB07A1A97F3DF00AC75D4 /* Release */ = {
			isa = XCBuildConfiguration;
			buildSettings = {
				ALWAYS_SEARCH_USER_PATHS = NO;
				CLANG_CXX_LANGUAGE_STANDARD = "gnu++0x";
				CLANG_CXX_LIBRARY = "libc++";
				CLANG_ENABLE_MODULES = YES;
				CLANG_ENABLE_OBJC_ARC = YES;
				CLANG_WARN_BOOL_CONVERSION = YES;
				CLANG_WARN_CONSTANT_CONVERSION = YES;
				CLANG_WARN_DIRECT_OBJC_ISA_USAGE = YES_ERROR;
				CLANG_WARN_EMPTY_BODY = YES;
				CLANG_WARN_ENUM_CONVERSION = YES;
				CLANG_WARN_INT_CONVERSION = YES;
				CLANG_WARN_OBJC_ROOT_CLASS = YES_ERROR;
				CLANG_WARN_UNREACHABLE_CODE = YES;
				CLANG_WARN__DUPLICATE_METHOD_MATCH = YES;
				"CODE_SIGN_IDENTITY[sdk=iphoneos*]" = "iPhone Developer";
				COPY_PHASE_STRIP = YES;
				ENABLE_NS_ASSERTIONS = NO;
				ENABLE_STRICT_OBJC_MSGSEND = YES;
				GCC_C_LANGUAGE_STANDARD = gnu99;
				GCC_WARN_64_TO_32_BIT_CONVERSION = YES;
				GCC_WARN_ABOUT_RETURN_TYPE = YES_ERROR;
				GCC_WARN_UNDECLARED_SELECTOR = YES;
				GCC_WARN_UNINITIALIZED_AUTOS = YES_AGGRESSIVE;
				GCC_WARN_UNUSED_FUNCTION = YES;
				GCC_WARN_UNUSED_VARIABLE = YES;
				IPHONEOS_DEPLOYMENT_TARGET = 8.1;
				MTL_ENABLE_DEBUG_INFO = NO;
				SDKROOT = iphoneos;
				VALIDATE_PRODUCT = YES;
			};
			name = Release;
		};
		37FBB07C1A97F3DF00AC75D4 /* Debug */ = {
			isa = XCBuildConfiguration;
			buildSettings = {
				ASSETCATALOG_COMPILER_APPICON_NAME = AppIcon;
				CODE_SIGN_ENTITLEMENTS = "Step Up/Step Up.entitlements";
				CODE_SIGN_IDENTITY = "iPhone Developer";
				"CODE_SIGN_IDENTITY[sdk=iphoneos*]" = "iPhone Developer";
				HEADER_SEARCH_PATHS = (
					"$(inherited)",
					/Applications/Xcode.app/Contents/Developer/Toolchains/XcodeDefault.xctoolchain/usr/include,
					"$(SRCROOT)/**",
				);
				INFOPLIST_FILE = "Step Up/Info.plist";
				LD_RUNPATH_SEARCH_PATHS = "$(inherited) @executable_path/Frameworks";
				OTHER_LDFLAGS = "-ObjC";
				PRODUCT_NAME = "$(TARGET_NAME)";
				PROVISIONING_PROFILE = "";
			};
			name = Debug;
		};
		37FBB07D1A97F3DF00AC75D4 /* Release */ = {
			isa = XCBuildConfiguration;
			buildSettings = {
				ASSETCATALOG_COMPILER_APPICON_NAME = AppIcon;
				CODE_SIGN_ENTITLEMENTS = "Step Up/Step Up.entitlements";
				CODE_SIGN_IDENTITY = "iPhone Developer";
				"CODE_SIGN_IDENTITY[sdk=iphoneos*]" = "iPhone Developer";
				HEADER_SEARCH_PATHS = (
					"$(inherited)",
					/Applications/Xcode.app/Contents/Developer/Toolchains/XcodeDefault.xctoolchain/usr/include,
					"$(SRCROOT)/**",
				);
				INFOPLIST_FILE = "Step Up/Info.plist";
				LD_RUNPATH_SEARCH_PATHS = "$(inherited) @executable_path/Frameworks";
				OTHER_LDFLAGS = "-ObjC";
				PRODUCT_NAME = "$(TARGET_NAME)";
				PROVISIONING_PROFILE = "";
			};
			name = Release;
		};
		37FBB07F1A97F3DF00AC75D4 /* Debug */ = {
			isa = XCBuildConfiguration;
			buildSettings = {
				BUNDLE_LOADER = "$(TEST_HOST)";
				FRAMEWORK_SEARCH_PATHS = (
					"$(SDKROOT)/Developer/Library/Frameworks",
					"$(inherited)",
				);
				GCC_PREPROCESSOR_DEFINITIONS = (
					"DEBUG=1",
					"$(inherited)",
				);
				INFOPLIST_FILE = "Step UpTests/Info.plist";
				LD_RUNPATH_SEARCH_PATHS = "$(inherited) @executable_path/Frameworks @loader_path/Frameworks";
				PRODUCT_NAME = "$(TARGET_NAME)";
				TEST_HOST = "$(BUILT_PRODUCTS_DIR)/Step Up.app/Step Up";
			};
			name = Debug;
		};
		37FBB0801A97F3DF00AC75D4 /* Release */ = {
			isa = XCBuildConfiguration;
			buildSettings = {
				BUNDLE_LOADER = "$(TEST_HOST)";
				FRAMEWORK_SEARCH_PATHS = (
					"$(SDKROOT)/Developer/Library/Frameworks",
					"$(inherited)",
				);
				INFOPLIST_FILE = "Step UpTests/Info.plist";
				LD_RUNPATH_SEARCH_PATHS = "$(inherited) @executable_path/Frameworks @loader_path/Frameworks";
				PRODUCT_NAME = "$(TARGET_NAME)";
				TEST_HOST = "$(BUILT_PRODUCTS_DIR)/Step Up.app/Step Up";
			};
			name = Release;
		};
/* End XCBuildConfiguration section */

/* Begin XCConfigurationList section */
		37FBB0531A97F3DF00AC75D4 /* Build configuration list for PBXProject "Step Up" */ = {
			isa = XCConfigurationList;
			buildConfigurations = (
				37FBB0791A97F3DF00AC75D4 /* Debug */,
				37FBB07A1A97F3DF00AC75D4 /* Release */,
			);
			defaultConfigurationIsVisible = 0;
			defaultConfigurationName = Release;
		};
		37FBB07B1A97F3DF00AC75D4 /* Build configuration list for PBXNativeTarget "Step Up" */ = {
			isa = XCConfigurationList;
			buildConfigurations = (
				37FBB07C1A97F3DF00AC75D4 /* Debug */,
				37FBB07D1A97F3DF00AC75D4 /* Release */,
			);
			defaultConfigurationIsVisible = 0;
			defaultConfigurationName = Release;
		};
		37FBB07E1A97F3DF00AC75D4 /* Build configuration list for PBXNativeTarget "Step UpTests" */ = {
			isa = XCConfigurationList;
			buildConfigurations = (
				37FBB07F1A97F3DF00AC75D4 /* Debug */,
				37FBB0801A97F3DF00AC75D4 /* Release */,
			);
			defaultConfigurationIsVisible = 0;
			defaultConfigurationName = Release;
		};
/* End XCConfigurationList section */
	};
	rootObject = 37FBB0501A97F3DF00AC75D4 /* Project object */;
}
